<?xml version="1.0" encoding="utf-8"?>
<Project ToolsVersion="4.0" xmlns="http://schemas.microsoft.com/developer/msbuild/2003">
  <ItemGroup>
    <ClCompile Include="src\main.cpp" />
    <ClCompile Include="..\include\core\color.cpp">
      <Filter>Core</Filter>
    </ClCompile>
    <ClCompile Include="..\include\core\matrix4x4.cpp">
      <Filter>Core</Filter>
    </ClCompile>
    <ClCompile Include="..\include\core\vec3f.cpp">
      <Filter>Core</Filter>
    </ClCompile>
    <ClCompile Include="src\Opengl\glad.c">
      <Filter>OpenGL</Filter>
    </ClCompile>
    <ClCompile Include="src\Opengl\glshader.cpp">
      <Filter>OpenGL</Filter>
    </ClCompile>
    <ClCompile Include="src\Opengl\glwindow.cpp">
      <Filter>OpenGL</Filter>
    </ClCompile>
    <ClCompile Include="src\Qt\MainWindow.cpp">
      <Filter>Qt</Filter>
    </ClCompile>
    <ClCompile Include="src\Qt\renderwindow.cpp">
      <Filter>Qt</Filter>
    </ClCompile>
    <ClCompile Include="src\Renderer\vkrenderer.cpp">
      <Filter>Renderer</Filter>
    </ClCompile>
    <ClCompile Include="src\Renderer\vkrenderer_sub.cpp">
      <Filter>Renderer</Filter>
    </ClCompile>
    <ClCompile Include="src\Renderer\basicrenderer.cpp">
      <Filter>Renderer</Filter>
    </ClCompile>
    <ClCompile Include="src\Renderer\texturerenderer.cpp">
      <Filter>Renderer</Filter>
    </ClCompile>
    <ClCompile Include="src\Scene\texture.cpp">
      <Filter>Scene</Filter>
    </ClCompile>
    <ClCompile Include="src\Scene\vertex.cpp">
      <Filter>Scene</Filter>
    </ClCompile>
    <ClCompile Include="src\Scene\camera.cpp">
      <Filter>Scene</Filter>
    </ClCompile>
    <ClCompile Include="src\Scene\mesh.cpp">
      <Filter>Scene</Filter>
    </ClCompile>
    <ClCompile Include="src\Scene\scene.cpp">
      <Filter>Scene</Filter>
    </ClCompile>
    <ClCompile Include="src\Scene\shader.cpp">
      <Filter>Scene</Filter>
    </ClCompile>
    <ClCompile Include="src\Vk\vktools.cpp">
      <Filter>Vulkan</Filter>
    </ClCompile>
    <ClCompile Include="src\Vk\vkdevice.cpp">
      <Filter>Vulkan</Filter>
    </ClCompile>
    <ClCompile Include="src\Vk\vkinstance.cpp">
      <Filter>Vulkan</Filter>
    </ClCompile>
    <ClCompile Include="src\Vk\vklog.cpp">
      <Filter>Vulkan</Filter>
    </ClCompile>
    <ClCompile Include="src\Vk\vkswapchain.cpp">
      <Filter>Vulkan</Filter>
    </ClCompile>
  </ItemGroup>
  <ItemGroup>
    <ClInclude Include="..\include\core\color.h">
      <Filter>Core</Filter>
    </ClInclude>
    <ClInclude Include="..\include\core\matrix4x4.h">
      <Filter>Core</Filter>
    </ClInclude>
    <ClInclude Include="..\include\core\vec2f.h">
      <Filter>Core</Filter>
    </ClInclude>
    <ClInclude Include="..\include\core\vec3f.h">
      <Filter>Core</Filter>
    </ClInclude>
    <ClInclude Include="..\include\core\vml.h">
      <Filter>Core</Filter>
    </ClInclude>
    <ClInclude Include="src\Opengl\glwindow.h">
      <Filter>OpenGL</Filter>
    </ClInclude>
    <ClInclude Include="src\Opengl\glshader.h">
      <Filter>OpenGL</Filter>
    </ClInclude>
    <ClInclude Include="src\Qt\renderwindow.h">
      <Filter>Qt</Filter>
    </ClInclude>
    <ClInclude Include="src\Qt\MainWindow.h">
      <Filter>Qt</Filter>
    </ClInclude>
    <ClInclude Include="src\Renderer\vkrenderer.h">
      <Filter>Renderer</Filter>
    </ClInclude>
    <ClInclude Include="src\Renderer\basicrenderer.h">
      <Filter>Renderer</Filter>
    </ClInclude>
    <ClInclude Include="src\Renderer\texturerenderer.h">
      <Filter>Renderer</Filter>
    </ClInclude>
    <ClInclude Include="src\Scene\shader.h">
      <Filter>Scene</Filter>
    </ClInclude>
    <ClInclude Include="src\Scene\texture.h">
      <Filter>Scene</Filter>
    </ClInclude>
    <ClInclude Include="src\Scene\ubo.h">
      <Filter>Scene</Filter>
    </ClInclude>
    <ClInclude Include="src\Scene\vertex.h">
      <Filter>Scene</Filter>
    </ClInclude>
    <ClInclude Include="src\Scene\camera.h">
      <Filter>Scene</Filter>
    </ClInclude>
    <ClInclude Include="src\Scene\mesh.h">
      <Filter>Scene</Filter>
    </ClInclude>
    <ClInclude Include="src\Scene\scene.h">
      <Filter>Scene</Filter>
    </ClInclude>
    <ClInclude Include="src\Vk\vktools.h">
      <Filter>Vulkan</Filter>
    </ClInclude>
    <ClInclude Include="src\Vk\vkdevice.h">
      <Filter>Vulkan</Filter>
    </ClInclude>
    <ClInclude Include="src\Vk\vkinitializer.h">
      <Filter>Vulkan</Filter>
    </ClInclude>
    <ClInclude Include="src\Vk\vkinstance.h">
      <Filter>Vulkan</Filter>
    </ClInclude>
    <ClInclude Include="src\Vk\vklog.h">
      <Filter>Vulkan</Filter>
    </ClInclude>
    <ClInclude Include="src\Vk\vksemaphore.h">
      <Filter>Vulkan</Filter>
    </ClInclude>
    <ClInclude Include="src\Vk\vkswapchain.h">
      <Filter>Vulkan</Filter>
    </ClInclude>
  </ItemGroup>
  <ItemGroup>
    <Filter Include="OpenGL">
      <UniqueIdentifier>{2abffc42-a63b-4dd2-8f8f-8d5bc058bff5}</UniqueIdentifier>
    </Filter>
    <Filter Include="Vulkan">
      <UniqueIdentifier>{cc28c4b7-6864-4645-90c4-1f3a4461a057}</UniqueIdentifier>
    </Filter>
    <Filter Include="Core">
      <UniqueIdentifier>{2dd21186-b503-43e7-8dc2-eef17f5cc7fd}</UniqueIdentifier>
    </Filter>
    <Filter Include="Qt">
      <UniqueIdentifier>{aad57249-45fc-4fd2-87c0-bb90372c5ec7}</UniqueIdentifier>
    </Filter>
    <Filter Include="Source Files">
      <UniqueIdentifier>{4FC737F1-C7A5-4376-A066-2A32D752A2FF}</UniqueIdentifier>
      <Extensions>cpp;cxx;c;def</Extensions>
      <ParseFiles>true</ParseFiles>
    </Filter>
    <Filter Include="Header Files">
      <UniqueIdentifier>{93995380-89BD-4b04-88EB-625FBE52EBFB}</UniqueIdentifier>
      <Extensions>h</Extensions>
      <ParseFiles>true</ParseFiles>
    </Filter>
    <Filter Include="Renderer">
      <UniqueIdentifier>{784ef821-6a69-45a1-811f-1c5412828958}</UniqueIdentifier>
    </Filter>
    <Filter Include="Scene">
      <UniqueIdentifier>{d003655f-6bd6-47bb-9cb1-991eacaa3ccc}</UniqueIdentifier>
    </Filter>
  </ItemGroup>
</Project>